
Microsoft Visual Studio Solution File, Format Version 12.00
# Visual Studio Version 16
VisualStudioVersion = 16.0.30709.132
MinimumVisualStudioVersion = 10.0.40219.1
Project("{9A19103F-16F7-4668-BE54-9A1E7A4F7556}") = "AuthenticationServer.API", "AuthenticationServer.API.csproj", "{FD7F7C88-A279-495C-9877-9F3391F58B3C}"
EndProject
Project("{FAE04EC0-301F-11D3-BF4B-00C04F79EFBC}") = "Example.API", "..\Example.API\Example.API.csproj", "{8C9B3D2F-D1DD-4415-8394-D23F8BA3D081}"
EndProject
Global
	GlobalSection(SolutionConfigurationPlatforms) = preSolution
		Debug|Any CPU = Debug|Any CPU
		Release|Any CPU = Release|Any CPU
	EndGlobalSection
	GlobalSection(ProjectConfigurationPlatforms) = postSolution
		{FD7F7C88-A279-495C-9877-9F3391F58B3C}.Debug|Any CPU.ActiveCfg = Debug|Any CPU
		{FD7F7C88-A279-495C-9877-9F3391F58B3C}.Debug|Any CPU.Build.0 = Debug|Any CPU
		{FD7F7C88-A279-495C-9877-9F3391F58B3C}.Release|Any CPU.ActiveCfg = Release|Any CPU
		{FD7F7C88-A279-495C-9877-9F3391F58B3C}.Release|Any CPU.Build.0 = Release|Any CPU
		{8C9B3D2F-D1DD-4415-8394-D23F8BA3D081}.Debug|Any CPU.ActiveCfg = Debug|Any CPU
		{8C9B3D2F-D1DD-4415-8394-D23F8BA3D081}.Debug|Any CPU.Build.0 = Debug|Any CPU
		{8C9B3D2F-D1DD-4415-8394-D23F8BA3D081}.Release|Any CPU.ActiveCfg = Release|Any CPU
		{8C9B3D2F-D1DD-4415-8394-D23F8BA3D081}.Release|Any CPU.Build.0 = Release|Any CPU
	EndGlobalSection
	GlobalSection(SolutionProperties) = preSolution
		HideSolutionNode = FALSE
	EndGlobalSection
	GlobalSection(ExtensibilityGlobals) = postSolution
		SolutionGuid = {777B2548-CA2C-413C-8F57-E1702821515D}
	EndGlobalSection
EndGlobal
